
Microsoft Visual Studio Solution File, Format Version 12.00
# Visual Studio Version 17
VisualStudioVersion = 17.3.32901.215
MinimumVisualStudioVersion = 10.0.40219.1
Project("{FAE04EC0-301F-11D3-BF4B-00C04F79EFBC}") = "JwtNet.WebAPI", "JwtNet.WebAPI\JwtNet.WebAPI.csproj", "{F27D5219-08B3-4577-9032-EFCF66730227}"
EndProject
Global
	GlobalSection(SolutionConfigurationPlatforms) = preSolution
		Debug|Any CPU = Debug|Any CPU
		Release|Any CPU = Release|Any CPU
	EndGlobalSection
	GlobalSection(ProjectConfigurationPlatforms) = postSolution
		{F27D5219-08B3-4577-9032-EFCF66730227}.Debug|Any CPU.ActiveCfg = Debug|Any CPU
		{F27D5219-08B3-4577-9032-EFCF66730227}.Debug|Any CPU.Build.0 = Debug|Any CPU
		{F27D5219-08B3-4577-9032-EFCF66730227}.Release|Any CPU.ActiveCfg = Release|Any CPU
		{F27D5219-08B3-4577-9032-EFCF66730227}.Release|Any CPU.Build.0 = Release|Any CPU
	EndGlobalSection
	GlobalSection(SolutionProperties) = preSolution
		HideSolutionNode = FALSE
	EndGlobalSection
	GlobalSection(ExtensibilityGlobals) = postSolution
		SolutionGuid = {70C1B0C5-F4FB-41AD-B79A-F10F904BE8A1}
	EndGlobalSection
EndGlobal
